
Microsoft Visual Studio Solution File, Format Version 12.00
# Visual Studio Version 16
VisualStudioVersion = 16.0.30717.126
MinimumVisualStudioVersion = 10.0.40219.1
Project("{FAE04EC0-301F-11D3-BF4B-00C04F79EFBC}") = "Multiplo de constantesCJS", "Multiplo de constantesCJS.csproj", "{8C7D7BE1-A1BA-43C7-9FA4-3A7AB7260169}"
EndProject
Global
	GlobalSection(SolutionConfigurationPlatforms) = preSolution
		Debug|Any CPU = Debug|Any CPU
		Release|Any CPU = Release|Any CPU
	EndGlobalSection
	GlobalSection(ProjectConfigurationPlatforms) = postSolution
		{8C7D7BE1-A1BA-43C7-9FA4-3A7AB7260169}.Debug|Any CPU.ActiveCfg = Debug|Any CPU
		{8C7D7BE1-A1BA-43C7-9FA4-3A7AB7260169}.Debug|Any CPU.Build.0 = Debug|Any CPU
		{8C7D7BE1-A1BA-43C7-9FA4-3A7AB7260169}.Release|Any CPU.ActiveCfg = Release|Any CPU
		{8C7D7BE1-A1BA-43C7-9FA4-3A7AB7260169}.Release|Any CPU.Build.0 = Release|Any CPU
	EndGlobalSection
	GlobalSection(SolutionProperties) = preSolution
		HideSolutionNode = FALSE
	EndGlobalSection
	GlobalSection(ExtensibilityGlobals) = postSolution
		SolutionGuid = {15AEA360-7054-444D-86DF-CD368A467A4B}
	EndGlobalSection
EndGlobal
